
Microsoft Visual Studio Solution File, Format Version 12.00
# Visual Studio Version 17
VisualStudioVersion = 17.0.31903.59
MinimumVisualStudioVersion = 10.0.40219.1
Project("{FAE04EC0-301F-11D3-BF4B-00C04F79EFBC}") = "OrderApp", "OrderApp\OrderApp.csproj", "{8E39C04F-4141-4FE1-BC5B-84419830D828}"
EndProject
Project("{FAE04EC0-301F-11D3-BF4B-00C04F79EFBC}") = "ShippingTest", "ShippingTest\ShippingTest.csproj", "{143464F8-5136-4CB6-8B45-3B0167602478}"
EndProject
Project("{FAE04EC0-301F-11D3-BF4B-00C04F79EFBC}") = "TaxTest", "TaxTest\TaxTest.csproj", "{73BDC512-92B2-435E-9B7E-8F059FD2DC79}"
EndProject
Global
	GlobalSection(SolutionConfigurationPlatforms) = preSolution
		Debug|Any CPU = Debug|Any CPU
		Release|Any CPU = Release|Any CPU
	EndGlobalSection
	GlobalSection(SolutionProperties) = preSolution
		HideSolutionNode = FALSE
	EndGlobalSection
	GlobalSection(ProjectConfigurationPlatforms) = postSolution
		{8E39C04F-4141-4FE1-BC5B-84419830D828}.Debug|Any CPU.ActiveCfg = Debug|Any CPU
		{8E39C04F-4141-4FE1-BC5B-84419830D828}.Debug|Any CPU.Build.0 = Debug|Any CPU
		{8E39C04F-4141-4FE1-BC5B-84419830D828}.Release|Any CPU.ActiveCfg = Release|Any CPU
		{8E39C04F-4141-4FE1-BC5B-84419830D828}.Release|Any CPU.Build.0 = Release|Any CPU
		{143464F8-5136-4CB6-8B45-3B0167602478}.Debug|Any CPU.ActiveCfg = Debug|Any CPU
		{143464F8-5136-4CB6-8B45-3B0167602478}.Debug|Any CPU.Build.0 = Debug|Any CPU
		{143464F8-5136-4CB6-8B45-3B0167602478}.Release|Any CPU.ActiveCfg = Release|Any CPU
		{143464F8-5136-4CB6-8B45-3B0167602478}.Release|Any CPU.Build.0 = Release|Any CPU
		{73BDC512-92B2-435E-9B7E-8F059FD2DC79}.Debug|Any CPU.ActiveCfg = Debug|Any CPU
		{73BDC512-92B2-435E-9B7E-8F059FD2DC79}.Debug|Any CPU.Build.0 = Debug|Any CPU
		{73BDC512-92B2-435E-9B7E-8F059FD2DC79}.Release|Any CPU.ActiveCfg = Release|Any CPU
		{73BDC512-92B2-435E-9B7E-8F059FD2DC79}.Release|Any CPU.Build.0 = Release|Any CPU
	EndGlobalSection
EndGlobal
